
Microsoft Visual Studio Solution File, Format Version 12.00
# Visual Studio Version 17
VisualStudioVersion = 17.3.32929.385
MinimumVisualStudioVersion = 10.0.40219.1
Project("{9A19103F-16F7-4668-BE54-9A1E7A4F7556}") = "PIAProgWEB", "PIAProgWEB\PIAProgWEB.csproj", "{BE70B73A-80F1-4688-91EB-6EDF8CF4C59A}"
EndProject
Global
	GlobalSection(SolutionConfigurationPlatforms) = preSolution
		Debug|Any CPU = Debug|Any CPU
		Release|Any CPU = Release|Any CPU
	EndGlobalSection
	GlobalSection(ProjectConfigurationPlatforms) = postSolution
		{BE70B73A-80F1-4688-91EB-6EDF8CF4C59A}.Debug|Any CPU.ActiveCfg = Debug|Any CPU
		{BE70B73A-80F1-4688-91EB-6EDF8CF4C59A}.Debug|Any CPU.Build.0 = Debug|Any CPU
		{BE70B73A-80F1-4688-91EB-6EDF8CF4C59A}.Release|Any CPU.ActiveCfg = Release|Any CPU
		{BE70B73A-80F1-4688-91EB-6EDF8CF4C59A}.Release|Any CPU.Build.0 = Release|Any CPU
	EndGlobalSection
	GlobalSection(SolutionProperties) = preSolution
		HideSolutionNode = FALSE
	EndGlobalSection
	GlobalSection(ExtensibilityGlobals) = postSolution
		SolutionGuid = {E4DB45D7-1FAA-4F68-A993-420BFCB73794}
	EndGlobalSection
EndGlobal
